
Microsoft Visual Studio Solution File, Format Version 12.00
# Visual Studio 2013
VisualStudioVersion = 12.0.31101.0
MinimumVisualStudioVersion = 10.0.40219.1
Project("{8BC9CEB8-8B4A-11D0-8D11-00A0C91BC942}") = "h-index", "h-index\h-index.vcxproj", "{A488C74F-DD37-4CC7-9806-E0A9FD159A81}"
EndProject
Project("{8BC9CEB8-8B4A-11D0-8D11-00A0C91BC942}") = "3sum", "3sum\3sum.vcxproj", "{6CA4FFF2-2E0A-486F-8532-37A545E3CD97}"
EndProject
Project("{8BC9CEB8-8B4A-11D0-8D11-00A0C91BC942}") = "rank-scores", "rank-scores\rank-scores.vcxproj", "{6C1FCF7D-A60C-4EF2-8587-FB1A65831BF7}"
EndProject
Global
	GlobalSection(SolutionConfigurationPlatforms) = preSolution
		Debug|Win32 = Debug|Win32
		Release|Win32 = Release|Win32
	EndGlobalSection
	GlobalSection(ProjectConfigurationPlatforms) = postSolution
		{A488C74F-DD37-4CC7-9806-E0A9FD159A81}.Debug|Win32.ActiveCfg = Debug|Win32
		{A488C74F-DD37-4CC7-9806-E0A9FD159A81}.Debug|Win32.Build.0 = Debug|Win32
		{A488C74F-DD37-4CC7-9806-E0A9FD159A81}.Release|Win32.ActiveCfg = Release|Win32
		{A488C74F-DD37-4CC7-9806-E0A9FD159A81}.Release|Win32.Build.0 = Release|Win32
		{6CA4FFF2-2E0A-486F-8532-37A545E3CD97}.Debug|Win32.ActiveCfg = Debug|Win32
		{6CA4FFF2-2E0A-486F-8532-37A545E3CD97}.Debug|Win32.Build.0 = Debug|Win32
		{6CA4FFF2-2E0A-486F-8532-37A545E3CD97}.Release|Win32.ActiveCfg = Release|Win32
		{6CA4FFF2-2E0A-486F-8532-37A545E3CD97}.Release|Win32.Build.0 = Release|Win32
		{6C1FCF7D-A60C-4EF2-8587-FB1A65831BF7}.Debug|Win32.ActiveCfg = Debug|Win32
		{6C1FCF7D-A60C-4EF2-8587-FB1A65831BF7}.Debug|Win32.Build.0 = Debug|Win32
		{6C1FCF7D-A60C-4EF2-8587-FB1A65831BF7}.Release|Win32.ActiveCfg = Release|Win32
		{6C1FCF7D-A60C-4EF2-8587-FB1A65831BF7}.Release|Win32.Build.0 = Release|Win32
	EndGlobalSection
	GlobalSection(SolutionProperties) = preSolution
		HideSolutionNode = FALSE
	EndGlobalSection
EndGlobal
